--- 
specs: 
- addressable: 
    version: 2.1.1
- builder: 
    version: 2.1.2
- crack: 
    version: 0.1.6
- diff-lcs: 
    version: 1.1.2
- json_pure: 
    version: 1.2.3
- polyglot: 
    version: 0.3.0
- term-ansicolor: 
    version: 1.0.5
- treetop: 
    version: 1.4.4
- cucumber: 
    version: 0.6.3
- eventmachine: 
    version: 0.12.10
- em-websocket: 
    version: 0.0.5
- httparty: 
    version: 0.5.2
- rspec: 
    version: 1.3.0
- twitter-stream: 
    version: 0.1.4
- yajl-ruby: 
    version: 0.7.5
hash: d490c6e5ec77d5260583b0b58626908115865b35
sources: 
- Rubygems: 
    uri: http://gemcutter.org
dependencies: 
  httparty: 
    version: ">= 0"
    group: 
    - :default
  em-websocket: 
    version: ">= 0"
    group: 
    - :default
  rspec: 
    version: ">= 0"
    group: 
    - :test
  twitter-stream: 
    version: ">= 0"
    group: 
    - :default
  eventmachine: 
    version: ">= 0"
    group: 
    - :default
  yajl-ruby: 
    version: ">= 0"
    group: 
    - :default
  cucumber: 
    version: ">= 0"
    group: 
    - :test
